
Microsoft Visual Studio Solution File, Format Version 11.00
# Visual C# Express 2010
Project("{FAE04EC0-301F-11D3-BF4B-00C04F79EFBC}") = "G-Shift-Level-Editor", "G-Shift-Level-Editor\G-Shift-Level-Editor\G-Shift-Level-Editor.csproj", "{1D379D8C-9C7B-4594-98AE-428006D65CA4}"
EndProject
Project("{96E2B04D-8817-42C6-938A-82C39BA4D311}") = "G-Shift-Level-EditorContent", "G-Shift-Level-Editor\G-Shift-Level-EditorContent\G-Shift-Level-EditorContent.contentproj", "{70AD7702-AC2C-4055-AFF8-38E29E8727A5}"
EndProject
Global
	GlobalSection(SolutionConfigurationPlatforms) = preSolution
		Debug|x86 = Debug|x86
		Release|x86 = Release|x86
	EndGlobalSection
	GlobalSection(ProjectConfigurationPlatforms) = postSolution
		{1D379D8C-9C7B-4594-98AE-428006D65CA4}.Debug|x86.ActiveCfg = Debug|x86
		{1D379D8C-9C7B-4594-98AE-428006D65CA4}.Debug|x86.Build.0 = Debug|x86
		{1D379D8C-9C7B-4594-98AE-428006D65CA4}.Release|x86.ActiveCfg = Release|x86
		{1D379D8C-9C7B-4594-98AE-428006D65CA4}.Release|x86.Build.0 = Release|x86
		{70AD7702-AC2C-4055-AFF8-38E29E8727A5}.Debug|x86.ActiveCfg = Debug|x86
		{70AD7702-AC2C-4055-AFF8-38E29E8727A5}.Release|x86.ActiveCfg = Release|x86
	EndGlobalSection
	GlobalSection(SolutionProperties) = preSolution
		HideSolutionNode = FALSE
	EndGlobalSection
EndGlobal
